{
  "name": "bcash",
  "version": "2.2.3",
  "lockfileVersion": 3,
  "requires": true,
  "packages": {
    "": {
      "name": "bcash",
      "version": "2.2.3",
      "bundleDependencies": [
        "bcfg",
        "bcrypto",
        "bcurl",
        "bdb",
        "bdns",
        "bevent",
        "bfile",
        "bfilter",
        "bheep",
        "binet",
        "blgr",
        "blru",
        "blst",
        "bmutex",
        "brq",
        "bs32",
        "bsert",
        "bsock",
        "bsocks",
        "btcp",
        "buffer-map",
        "bufio",
        "bupnp",
        "bval",
        "bweb",
        "loady",
        "n64",
        "nan"
      ],
      "license": "MIT",
      "dependencies": {
        "bcfg": "git+https://github.com/bcoin-org/bcfg.git#semver:~0.1.6",
        "bcrypto": "github:bcoin-org/bcrypto#semver:~5.0.4",
        "bcurl": "git+https://github.com/bcoin-org/bcurl.git#semver:^0.1.6",
        "bdb": "git+https://github.com/bcoin-org/bdb.git#semver:~1.2.1",
        "bdns": "git+https://github.com/bcoin-org/bdns.git#semver:~0.1.5",
        "bevent": "git+https://github.com/bcoin-org/bevent.git#semver:~0.1.5",
        "bfile": "git+https://github.com/bcoin-org/bfile.git#semver:~0.2.1",
        "bfilter": "git+https://github.com/bcoin-org/bfilter.git#semver:~2.0.0",
        "bheep": "git+https://github.com/bcoin-org/bheep.git#semver:~0.1.5",
        "binet": "git+https://github.com/bcoin-org/binet.git#semver:~0.3.5",
        "blgr": "git+https://github.com/bcoin-org/blgr.git#semver:~0.1.7",
        "blru": "git+https://github.com/bcoin-org/blru.git#semver:~0.1.6",
        "blst": "git+https://github.com/bcoin-org/blst.git#semver:~0.1.5",
        "bmutex": "git+https://github.com/bcoin-org/bmutex.git#semver:~0.1.6",
        "brq": "git+https://github.com/bcoin-org/brq.git#semver:~0.1.7",
        "bs32": "git+https://github.com/bcoin-org/bs32.git#semver:=0.1.6",
        "bsert": "git+https://github.com/chjj/bsert.git#semver:~0.0.10",
        "bsip": "^0.1.8",
        "bsock": "git+https://github.com/bcoin-org/bsock.git#semver:~0.1.9",
        "bsocks": "git+https://github.com/bcoin-org/bsocks.git#semver:~0.2.6",
        "bstring": "^0.3.8",
        "btcp": "git+https://github.com/bcoin-org/btcp.git#semver:~0.1.5",
        "buffer-map": "git+https://github.com/chjj/buffer-map.git#semver:~0.0.7",
        "bufio": "git+https://github.com/bcoin-org/bufio.git#semver:~1.0.6",
        "bupnp": "git+https://github.com/bcoin-org/bupnp.git#semver:~0.2.6",
        "bval": "git+https://github.com/bcoin-org/bval.git#semver:~0.1.6",
        "bweb": "git+https://github.com/bcoin-org/bweb.git#semver:=0.1.9",
        "ecashaddrjs": "^1.0.7",
        "loady": "git+https://github.com/chjj/loady.git#semver:~0.0.1",
        "mrmr": "^0.1.8",
        "n64": "git+https://github.com/chjj/n64.git#semver:~0.2.10",
        "nan": "git+https://github.com/braydonf/nan.git#semver:=2.14.0"
      },
      "bin": {
        "bcash": "bin/bcash",
        "bcash-cli": "bin/bcash-cli",
        "bcash-node": "bin/node",
        "bcash-spvnode": "bin/spvnode",
        "bwallet": "bin/bwallet",
        "bwallet-cli": "bin/bwallet-cli"
      },
      "devDependencies": {
        "bmocha": "git+https://github.com/bcoin-org/bmocha.git#semver:=2.1.2"
      },
      "engines": {
        "node": ">=10.0.0"
      }
    },
    "node_modules/bcfg": {
      "version": "0.2.2",
      "resolved": "git+ssh://git@github.com/bcoin-org/bcfg.git",
      "integrity": "sha512-lWDCsEGrwJj+CE3ur6EeUXj0xweTuGtL0OIRzbUNVDsH/Y4whfSL61B/Tzc9ooQbwBa/CfqAWzyvXObsGEWVsA==",
      "inBundle": true,
      "license": "MIT",
      "dependencies": {
        "bsert": "~0.0.12"
      },
      "engines": {
        "node": ">=14.0.0"
      }
    },
    "node_modules/bcrypto": {
      "version": "5.5.2",
      "resolved": "git+ssh://git@github.com/bcoin-org/bcrypto.git",
      "integrity": "sha512-yE7MqW/+pH6GW9Gako7ftkZfZd0hpRVUNWfMrV/AENYA4+CNpG/CemVaP7XkS52Gp5WU24/+Ra8Nw2TAnfvnzQ==",
      "hasInstallScript": true,
      "inBundle": true,
      "license": "MIT",
      "dependencies": {
        "bufio": "~1.2.3",
        "loady": "~0.0.5"
      },
      "engines": {
        "node": ">=8.0.0"
      }
    },
    "node_modules/bcurl": {
      "version": "0.2.1",
      "resolved": "git+ssh://git@github.com/bcoin-org/bcurl.git",
      "integrity": "sha512-N1eayHvPyFNK8dUkLC0i1ZEMHrUJC6nSYzNGwoZllSAvm2rZCNrkKGroukWnqrenDZcwPzPzO66DY7qVSh8ssA==",
      "inBundle": true,
      "license": "MIT",
      "dependencies": {
        "brq": "~0.1.10",
        "bsert": "~0.0.12",
        "bsock": "~0.1.10"
      },
      "engines": {
        "node": ">=8.0.0"
      }
    },
    "node_modules/bcurl/node_modules/brq": {
      "version": "0.1.10",
      "resolved": "https://registry.npmjs.org/brq/-/brq-0.1.10.tgz",
      "integrity": "sha512-iil4TtQWw9Wb2G+mEP0iHqM8Q16mHINJzR5wHTsfKZTtcOVoEGj6yX3ed7yLQ92KR4QO9KjlrlO7/Y7766i7Tw==",
      "inBundle": true,
      "license": "MIT",
      "dependencies": {
        "bsert": "~0.0.12"
      },
      "engines": {
        "node": ">=8.0.0"
      }
    },
    "node_modules/bdb": {
      "version": "1.6.2",
      "resolved": "git+ssh://git@github.com/bcoin-org/bdb.git",
      "integrity": "sha512-3PxLeNKqwdqMjc/Ox5hontemGFt/AXGQsrEHFA0bynISfqhYI8r1qQNtJHEMonD6kcvkejfLA/5ad3n813kmdw==",
      "hasInstallScript": true,
      "inBundle": true,
      "license": "MIT",
      "dependencies": {
        "bsert": "~0.0.13",
        "loady": "~0.0.5"
      },
      "engines": {
        "node": ">=12.0.0"
      }
    },
    "node_modules/bdns": {
      "version": "0.1.5",
      "resolved": "git+ssh://git@github.com/bcoin-org/bdns.git",
      "integrity": "sha512-drFmEU4qbjJdKA8EJbstCkCxl918mJv4R4v/71SCtE2ByyHc7vhAUbMsFdjCSbDAxKMI9PK1rZUKmgyPVc8Z1g==",
      "inBundle": true,
      "license": "MIT",
      "dependencies": {
        "bsert": "~0.0.12"
      },
      "engines": {
        "node": ">=8.0.0"
      }
    },
    "node_modules/bevent": {
      "version": "0.1.6",
      "resolved": "git+ssh://git@github.com/bcoin-org/bevent.git",
      "integrity": "sha512-Xo0ycOkaOjSsY5fZuHUzPInOH0ueH1rGo8jjdn7U8kKaAIZsGD2sdSogQNNGpfGSCFRBkoowBBUyes7ENxBZ6g==",
      "inBundle": true,
      "license": "MIT",
      "dependencies": {
        "bsert": "~0.0.12"
      },
      "engines": {
        "node": ">=8.0.0"
      }
    },
    "node_modules/bfile": {
      "version": "0.2.3",
      "resolved": "git+ssh://git@github.com/bcoin-org/bfile.git",
      "integrity": "sha512-BrqYQfBOLNPSb9xmfCEAKo2EFyvNGsEc7Dsud08WCOwiD5Wk2HWlpQloLXBNkXRInHbgrfDy4Gj0qha3zb39hg==",
      "inBundle": true,
      "license": "MIT",
      "engines": {
        "node": ">=8.0.0"
      }
    },
    "node_modules/bfilter": {
      "version": "2.4.0",
      "resolved": "git+ssh://git@github.com/bcoin-org/bfilter.git",
      "integrity": "sha512-ZimmJkrNPQlVgTTNUIz0ghXfMRBZbO2fadiO5Z/21a3cktIKHgPQmdN3Crh38VRBkzVUT0pWak6GapUwkTUjsA==",
      "inBundle": true,
      "license": "MIT",
      "dependencies": {
        "bcrypto": "~5.5.2",
        "bsert": "~0.0.13",
        "bufio": "~1.2.3"
      },
      "engines": {
        "node": ">=8.0.0"
      }
    },
    "node_modules/bheep": {
      "version": "0.1.6",
      "resolved": "git+ssh://git@github.com/bcoin-org/bheep.git",
      "integrity": "sha512-W+XrD2syfTD+LhX2TsoE9dTowAXOq4kzXui6wA36HnbJrsBUKNxTTXOtpo8Aelw7zTUwtMySyWBCNOGAMvtEbw==",
      "inBundle": true,
      "license": "MIT",
      "dependencies": {
        "bsert": "~0.0.12"
      },
      "engines": {
        "node": ">=8.0.0"
      }
    },
    "node_modules/big-integer": {
      "version": "1.6.36",
      "resolved": "https://registry.npmjs.org/big-integer/-/big-integer-1.6.36.tgz",
      "integrity": "sha512-t70bfa7HYEA1D9idDbmuv7YbsbVkQ+Hp+8KFSul4aE5e/i1bjCNIRYJZlA8Q8p0r9T8cF/RVvwUgRA//FydEyg==",
      "license": "Unlicense",
      "engines": {
        "node": ">=0.6"
      }
    },
    "node_modules/binet": {
      "version": "0.3.9",
      "resolved": "git+ssh://git@github.com/bcoin-org/binet.git",
      "integrity": "sha512-tWz0J6WpR2MZMy72hSOeuD7+3OmZ+4GY+DYXGSBMOqk2Z0L1lUHRfNE7wI6LR9M7tKt6OFxokkHRNGmnjrPxLg==",
      "inBundle": true,
      "license": "MIT",
      "dependencies": {
        "bs32": "~0.1.7",
        "bsert": "~0.0.12"
      },
      "engines": {
        "node": ">=8.0.0"
      }
    },
    "node_modules/blgr": {
      "version": "0.2.1",
      "resolved": "git+ssh://git@github.com/bcoin-org/blgr.git",
      "integrity": "sha512-dzgCPZKmHGX/+NRsCtjSdmXurArfVD8QiRZzDX0I8tY3XE8/IUg4pPcU/cDCDw54EMaZMrup2gWhpQbLPzJYZA==",
      "inBundle": true,
      "license": "MIT",
      "dependencies": {
        "bsert": "~0.0.12"
      },
      "engines": {
        "node": ">=8.0.0"
      }
    },
    "node_modules/blru": {
      "version": "0.1.8",
      "resolved": "git+ssh://git@github.com/bcoin-org/blru.git",
      "integrity": "sha512-u0LMaqOURsfd30KfFgGkMnOX8xAjEKNl4hmGflSyWOqY9+jbhu6n+idvayqDxAeqUARFOIoEIWfbbU+2EIzm0w==",
      "inBundle": true,
      "license": "MIT",
      "dependencies": {
        "bsert": "~0.0.12"
      },
      "engines": {
        "node": ">=8.0.0"
      }
    },
    "node_modules/blst": {
      "version": "0.1.6",
      "resolved": "git+ssh://git@github.com/bcoin-org/blst.git",
      "integrity": "sha512-tCNowVgW6MQ1/LydOShwqBwCFsOkq7/2n2bSEOt6CwcmmBXutmH4+MLVyDm1uKkbHx03EbYC0Q1nXTfNhaaPSw==",
      "inBundle": true,
      "license": "MIT",
      "dependencies": {
        "bsert": "~0.0.12"
      },
      "engines": {
        "node": ">=8.0.0"
      }
    },
    "node_modules/bmocha": {
      "version": "2.2.1",
      "resolved": "git+ssh://git@github.com/bcoin-org/bmocha.git",
      "integrity": "sha512-cCAr6GBWMjk5MY5yPeKAxnc9Y78lzsBbmNSBi3ffZFFasSM4TFWGAQvKephgzhzE2ns0UCuNXe+rvihttSl7Lw==",
      "dev": true,
      "license": "MIT",
      "bin": {
        "_bmocha": "bin/_bmocha",
        "bmocha": "bin/bmocha"
      },
      "engines": {
        "node": ">=8.0.0"
      }
    },
    "node_modules/bmutex": {
      "version": "0.1.8",
      "resolved": "git+ssh://git@github.com/bcoin-org/bmutex.git",
      "integrity": "sha512-NEI6oawCTA9hobAIubvpooRkq7hp+dBg0hf1KUJ3uV77PrXlUgLXr6D/mr6+sfJ0hx523lDaz/vEcJIbK9S1uw==",
      "inBundle": true,
      "license": "MIT",
      "dependencies": {
        "bsert": "~0.0.13"
      },
      "engines": {
        "node": ">=8.0.0"
      }
    },
    "node_modules/brq": {
      "version": "0.2.1",
      "resolved": "git+ssh://git@github.com/bcoin-org/brq.git",
      "integrity": "sha512-chB+HwpUTQzTHKa4hy2aMLYKMWMm/URmx/IsU9SKkvoh6ps98Vx88tS9Hs28vJZijXxsiUdooLEPTnrmZfYgNw==",
      "inBundle": true,
      "license": "MIT",
      "dependencies": {
        "bsert": "~0.0.12"
      },
      "engines": {
        "node": ">=8.0.0"
      }
    },
    "node_modules/bs32": {
      "version": "0.1.7",
      "resolved": "git+ssh://git@github.com/bcoin-org/bs32.git",
      "integrity": "sha512-YpTTI3d0F/vFtQwQ/ObjmZkB20Hc8tbjDvpipQIQbBIokiIQXwYh/zztFwJyn6FXIa6zZTOYi8Jy5gWNct4QYQ==",
      "inBundle": true,
      "license": "MIT",
      "dependencies": {
        "bsert": "~0.0.10"
      },
      "engines": {
        "node": ">=8.0.0"
      }
    },
    "node_modules/bsert": {
      "version": "0.0.13",
      "resolved": "git+ssh://git@github.com/chjj/bsert.git",
      "integrity": "sha512-kLSx3JcEfdrQFtRBxGd5Hd+2ObW3EhMlbONwv3Rqs4DBNUqTezhD/NVXD+vV0fyXc8zyzSOlpGlgOlbac+3iww==",
      "inBundle": true,
      "license": "MIT",
      "engines": {
        "node": ">=8.0.0"
      }
    },
    "node_modules/bsip": {
      "version": "0.1.9",
      "resolved": "https://registry.npmjs.org/bsip/-/bsip-0.1.9.tgz",
      "integrity": "sha512-i7cVEfCthASPB3BYKS/pZN/D4kh4vToIlSAFcVBLNjzYl1UirT3E2PIGSfNnYR2qZ3UW1qnDavrWEHhLeSKt2A==",
      "hasInstallScript": true,
      "license": "MIT",
      "dependencies": {
        "bsert": "~0.0.10",
        "loady": "~0.0.1",
        "nan": "^2.13.1"
      },
      "engines": {
        "node": ">=8.0.0"
      }
    },
    "node_modules/bsock": {
      "version": "0.1.11",
      "resolved": "git+ssh://git@github.com/bcoin-org/bsock.git",
      "integrity": "sha512-ixdzQTwNojs3dd5NtkjTrrPBxqDh1fELWVkGpGg6S+lCpYjUCPc64c4nYywjSDweQvhltizuzx2lOkgUFgV+uw==",
      "inBundle": true,
      "license": "MIT",
      "dependencies": {
        "bsert": "~0.0.12"
      },
      "engines": {
        "node": ">=8.0.0"
      }
    },
    "node_modules/bsocks": {
      "version": "0.2.6",
      "resolved": "git+ssh://git@github.com/bcoin-org/bsocks.git",
      "integrity": "sha512-YZ9WUapMjjHTc10qbmJZlpP1WW8RQJzTAiPZBMmFNrDb1H36upD2/joj9e+S9teNT4fZ7T/zTbHWSfYB8ytb3Q==",
      "inBundle": true,
      "license": "MIT",
      "dependencies": {
        "binet": "~0.3.8",
        "bsert": "~0.0.12"
      },
      "engines": {
        "node": ">=8.0.0"
      }
    },
    "node_modules/bstring": {
      "version": "0.3.9",
      "resolved": "https://registry.npmjs.org/bstring/-/bstring-0.3.9.tgz",
      "integrity": "sha512-D95flI7SXL+UsQi9mW+hH+AK2AFfafIJi+3GbbyTAWMe2FqwR9keBxsjGiGd/JM+77Y9WsC+M4EhZVNVcym9jw==",
      "hasInstallScript": true,
      "license": "MIT",
      "dependencies": {
        "bsert": "~0.0.10",
        "loady": "~0.0.1",
        "nan": "^2.13.1"
      },
      "engines": {
        "node": ">=8.0.0"
      }
    },
    "node_modules/btcp": {
      "version": "0.1.5",
      "resolved": "git+ssh://git@github.com/bcoin-org/btcp.git",
      "integrity": "sha512-Dp+LibaQIRsmI1fKZLKAnL15fgR5hLf+2AFxTTuJlQwWbJkh19i3+8mv/KEMvihuqCFxQQ8KOQupRHFkE1wYew==",
      "inBundle": true,
      "license": "MIT",
      "engines": {
        "node": ">=8.0.0"
      }
    },
    "node_modules/buffer-map": {
      "version": "0.0.8",
      "resolved": "git+ssh://git@github.com/chjj/buffer-map.git",
      "integrity": "sha512-gzCIrT02YP0uFxAXMgKElx4sZutKJEjuJEIyuDWs2WZmIpNLrIwn+bVXKCpz2MVNZAfxphDYStKd9VT5blyj4g==",
      "inBundle": true,
      "license": "MIT",
      "engines": {
        "node": ">=8.0.0"
      }
    },
    "node_modules/bufio": {
      "version": "1.2.3",
      "resolved": "git+ssh://git@github.com/bcoin-org/bufio.git",
      "integrity": "sha512-I8lhmmwDBXmkXat9dlcBW1VGYurInWZIjmla5woJCrWk6iKroECG7yllUe5HclFQBKD4GNkN1w7TJrzy/wODww==",
      "inBundle": true,
      "license": "MIT",
      "engines": {
        "node": ">=8.0.0"
      }
    },
    "node_modules/bupnp": {
      "version": "0.2.6",
      "resolved": "git+ssh://git@github.com/bcoin-org/bupnp.git",
      "integrity": "sha512-77hx+bRonciQbUSEpkFs9p2fen8Kdw+NhWZgunaW+osPwOqvi/Rih6FKdYIPoRjB7zJ3X37bdxQviETGlKDvCA==",
      "inBundle": true,
      "license": "MIT",
      "dependencies": {
        "binet": "~0.3.5",
        "brq": "~0.1.7",
        "bsert": "~0.0.10"
      },
      "engines": {
        "node": ">=8.0.0"
      }
    },
    "node_modules/bupnp/node_modules/brq": {
      "version": "0.1.8",
      "resolved": "https://registry.npmjs.org/brq/-/brq-0.1.8.tgz",
      "integrity": "sha512-6SDY1lJMKXgt5TZ6voJQMH2zV1XPWWtm203PSkx3DSg9AYNYuRfOPFSBDkNemabzgpzFW9/neR4YhTvyJml8rQ==",
      "inBundle": true,
      "license": "MIT",
      "dependencies": {
        "bsert": "~0.0.10"
      },
      "engines": {
        "node": ">=8.0.0"
      }
    },
    "node_modules/bval": {
      "version": "0.1.8",
      "resolved": "git+ssh://git@github.com/bcoin-org/bval.git",
      "integrity": "sha512-CgEX3XsKhbuEmNBANN+5XxwMKzcnC3ew41/QjVX2LlItRE+98+NuVK0d1CkaCBIrjvReHblbkD1UywxH/iFjUg==",
      "inBundle": true,
      "license": "MIT",
      "dependencies": {
        "bsert": "~0.0.10"
      },
      "engines": {
        "node": ">=8.0.0"
      }
    },
    "node_modules/bweb": {
      "version": "0.3.0",
      "resolved": "git+ssh://git@github.com/bcoin-org/bweb.git",
      "integrity": "sha512-FNcpowBzYqsBKg7aWAMC7eTk5PNTrgwLvMIuusuNuLN5u/8CiXaFgs799OntNfa4biMjo2dVXU50R7nmBeBljQ==",
      "inBundle": true,
      "license": "MIT",
      "dependencies": {
        "bsert": "~0.0.12",
        "bsock": "~0.1.11"
      },
      "bin": {
        "bweb": "bin/bweb"
      },
      "engines": {
        "node": ">=8.0.0"
      }
    },
    "node_modules/ecashaddrjs": {
      "version": "1.0.7",
      "resolved": "https://registry.npmjs.org/ecashaddrjs/-/ecashaddrjs-1.0.7.tgz",
      "integrity": "sha512-KsvHYLlYtLr/GBkEPiwwQDIDBzqRx61qC34n1puHKOjVE4Uwg3syHccjFCqNynLa6T6xI0Rd7ByCRUJcuJcoIw==",
      "license": "MIT",
      "dependencies": {
        "big-integer": "1.6.36"
      }
    },
    "node_modules/loady": {
      "version": "0.0.5",
      "resolved": "git+ssh://git@github.com/chjj/loady.git",
      "integrity": "sha512-b4CXxeGgYVu8MQ/CYjpJH4JQKW4i8IX59EVMIgq39fIYNjs4YjRWFgKWjTXOBPeR/UqKZO7QGEvekH93wf9uyA==",
      "inBundle": true,
      "license": "MIT",
      "engines": {
        "node": ">=8.0.0"
      }
    },
    "node_modules/mrmr": {
      "version": "0.1.10",
      "resolved": "https://registry.npmjs.org/mrmr/-/mrmr-0.1.10.tgz",
      "integrity": "sha512-NJRJs+yJyRWwcTqLRf7O32n56UP1+UQoTrGVEoB3LMj0h2jlon790drDbxKvi5mK5k4HfC0cpNkxqHcrJK/evg==",
      "hasInstallScript": true,
      "license": "MIT",
      "dependencies": {
        "bsert": "~0.0.10",
        "loady": "~0.0.5"
      },
      "engines": {
        "node": ">=8.0.0"
      }
    },
    "node_modules/n64": {
      "version": "0.2.10",
      "resolved": "git+ssh://git@github.com/chjj/n64.git",
      "integrity": "sha512-SmIvxNosjAXkzlOvO7zFoC+QZ4DOBT4O/XOuZOOgLdIh0fK6QllifvDVCGYteGFeKkybEzrabM80lls+YgUAxQ==",
      "inBundle": true,
      "license": "MIT",
      "engines": {
        "node": ">=2.0.0"
      }
    },
    "node_modules/nan": {
      "version": "2.14.0",
      "resolved": "git+ssh://git@github.com/braydonf/nan.git",
      "integrity": "sha512-xdkcX7cRfjcSatQjR6BbLBtIUFCq80V5Wg2z5PaqJNmon7ikDm/K+GtBbUTWlLfH/+aKb8jsv8bkUVI3BUbrZw==",
      "inBundle": true,
      "license": "MIT"
    }
  }
}
